
Microsoft Visual Studio Solution File, Format Version 12.00
# Visual Studio 2013
VisualStudioVersion = 12.0.21005.1
MinimumVisualStudioVersion = 10.0.40219.1
Project("{FAE04EC0-301F-11D3-BF4B-00C04F79EFBC}") = "PorteFolio.LIB", "PorteFolio.LIB\PorteFolio.LIB.csproj", "{90246B94-553D-4FFF-8DEC-013936C8D907}"
EndProject
Project("{FAE04EC0-301F-11D3-BF4B-00C04F79EFBC}") = "PorteFolio.WPF", "PorteFolio.WPF\PorteFolio.WPF.csproj", "{1F24655F-84CA-47CF-8B18-D56042671727}"
EndProject
Global
	GlobalSection(SolutionConfigurationPlatforms) = preSolution
		Debug|Any CPU = Debug|Any CPU
		Release|Any CPU = Release|Any CPU
	EndGlobalSection
	GlobalSection(ProjectConfigurationPlatforms) = postSolution
		{90246B94-553D-4FFF-8DEC-013936C8D907}.Debug|Any CPU.ActiveCfg = Debug|Any CPU
		{90246B94-553D-4FFF-8DEC-013936C8D907}.Debug|Any CPU.Build.0 = Debug|Any CPU
		{90246B94-553D-4FFF-8DEC-013936C8D907}.Release|Any CPU.ActiveCfg = Release|Any CPU
		{90246B94-553D-4FFF-8DEC-013936C8D907}.Release|Any CPU.Build.0 = Release|Any CPU
		{1F24655F-84CA-47CF-8B18-D56042671727}.Debug|Any CPU.ActiveCfg = Debug|Any CPU
		{1F24655F-84CA-47CF-8B18-D56042671727}.Debug|Any CPU.Build.0 = Debug|Any CPU
		{1F24655F-84CA-47CF-8B18-D56042671727}.Release|Any CPU.ActiveCfg = Release|Any CPU
		{1F24655F-84CA-47CF-8B18-D56042671727}.Release|Any CPU.Build.0 = Release|Any CPU
	EndGlobalSection
	GlobalSection(SolutionProperties) = preSolution
		HideSolutionNode = FALSE
	EndGlobalSection
EndGlobal
